
Microsoft Visual Studio Solution File, Format Version 12.00
Project("{FAE04EC0-301F-11D3-BF4B-00C04F79EFBC}") = "MtuEventBus", "MtuEventBus\MtuEventBus.csproj", "{4156C115-C6F8-43B9-BDC7-C741AA2C67F8}"
EndProject
Project("{FAE04EC0-301F-11D3-BF4B-00C04F79EFBC}") = "ApiTest", "ApiTest\ApiTest.csproj", "{1479355A-F0E1-42B2-85D1-5AC483237DED}"
EndProject
Global
	GlobalSection(SolutionConfigurationPlatforms) = preSolution
		Debug|Any CPU = Debug|Any CPU
		Release|Any CPU = Release|Any CPU
	EndGlobalSection
	GlobalSection(ProjectConfigurationPlatforms) = postSolution
		{4156C115-C6F8-43B9-BDC7-C741AA2C67F8}.Debug|Any CPU.ActiveCfg = Debug|Any CPU
		{4156C115-C6F8-43B9-BDC7-C741AA2C67F8}.Debug|Any CPU.Build.0 = Debug|Any CPU
		{4156C115-C6F8-43B9-BDC7-C741AA2C67F8}.Release|Any CPU.ActiveCfg = Release|Any CPU
		{4156C115-C6F8-43B9-BDC7-C741AA2C67F8}.Release|Any CPU.Build.0 = Release|Any CPU
		{1479355A-F0E1-42B2-85D1-5AC483237DED}.Debug|Any CPU.ActiveCfg = Debug|Any CPU
		{1479355A-F0E1-42B2-85D1-5AC483237DED}.Debug|Any CPU.Build.0 = Debug|Any CPU
		{1479355A-F0E1-42B2-85D1-5AC483237DED}.Release|Any CPU.ActiveCfg = Release|Any CPU
		{1479355A-F0E1-42B2-85D1-5AC483237DED}.Release|Any CPU.Build.0 = Release|Any CPU
	EndGlobalSection
EndGlobal
